
Microsoft Visual Studio Solution File, Format Version 12.00
# Visual Studio Version 18
VisualStudioVersion = 18.9.12120.119
MinimumVisualStudioVersion = 10.0.40219.1
Project("{FAE04EC0-301F-11D3-BF4B-00C04F79EFBC}") = "BookStoreApp.API", "BookStoreApp.API\BookStoreApp.API.csproj", "{BCCA501D-11C6-4FB2-AED0-2D980A01B91B}"
EndProject
Project("{FAE04EC0-301F-11D3-BF4B-00C04F79EFBC}") = "BookStoreApp.Blazor.Server.UI", "BookStoreApp.Blazor.Server.UI\BookStoreApp.Blazor.Server.UI.csproj", "{13F0845B-9734-44C0-BF85-0075F901BFF6}"
EndProject
Global
	GlobalSection(SolutionConfigurationPlatforms) = preSolution
		Debug|Any CPU = Debug|Any CPU
		Release|Any CPU = Release|Any CPU
	EndGlobalSection
	GlobalSection(ProjectConfigurationPlatforms) = postSolution
		{BCCA501D-11C6-4FB2-AED0-2D980A01B91B}.Debug|Any CPU.ActiveCfg = Debug|Any CPU
		{BCCA501D-11C6-4FB2-AED0-2D980A01B91B}.Debug|Any CPU.Build.0 = Debug|Any CPU
		{BCCA501D-11C6-4FB2-AED0-2D980A01B91B}.Release|Any CPU.ActiveCfg = Release|Any CPU
		{BCCA501D-11C6-4FB2-AED0-2D980A01B91B}.Release|Any CPU.Build.0 = Release|Any CPU
		{13F0845B-9734-44C0-BF85-0075F901BFF6}.Debug|Any CPU.ActiveCfg = Debug|Any CPU
		{13F0845B-9734-44C0-BF85-0075F901BFF6}.Debug|Any CPU.Build.0 = Debug|Any CPU
		{13F0845B-9734-44C0-BF85-0075F901BFF6}.Release|Any CPU.ActiveCfg = Release|Any CPU
		{13F0845B-9734-44C0-BF85-0075F901BFF6}.Release|Any CPU.Build.0 = Release|Any CPU
	EndGlobalSection
	GlobalSection(SolutionProperties) = preSolution
		HideSolutionNode = FALSE
	EndGlobalSection
	GlobalSection(ExtensibilityGlobals) = postSolution
		SolutionGuid = {BE3EBC82-B741-42B5-93EE-871D3B946494}
	EndGlobalSection
EndGlobal
